
Microsoft Visual Studio Solution File, Format Version 12.00
# Visual Studio 14
VisualStudioVersion = 14.0.24720.0
MinimumVisualStudioVersion = 10.0.40219.1
Project("{FAE04EC0-301F-11D3-BF4B-00C04F79EFBC}") = "TypingHelper", "TypingHelper\TypingHelper.csproj", "{E1A70E5E-1847-4CA5-BFF8-2AA32FDBE855}"
EndProject
Global
	GlobalSection(SolutionConfigurationPlatforms) = preSolution
		Debug|Any CPU = Debug|Any CPU
		Release|Any CPU = Release|Any CPU
	EndGlobalSection
	GlobalSection(ProjectConfigurationPlatforms) = postSolution
		{E1A70E5E-1847-4CA5-BFF8-2AA32FDBE855}.Debug|Any CPU.ActiveCfg = Debug|Any CPU
		{E1A70E5E-1847-4CA5-BFF8-2AA32FDBE855}.Debug|Any CPU.Build.0 = Debug|Any CPU
		{E1A70E5E-1847-4CA5-BFF8-2AA32FDBE855}.Release|Any CPU.ActiveCfg = Release|Any CPU
		{E1A70E5E-1847-4CA5-BFF8-2AA32FDBE855}.Release|Any CPU.Build.0 = Release|Any CPU
	EndGlobalSection
	GlobalSection(SolutionProperties) = preSolution
		HideSolutionNode = FALSE
	EndGlobalSection
EndGlobal
